
Microsoft Visual Studio Solution File, Format Version 12.00
# Visual Studio Version 17
VisualStudioVersion = 17.3.32901.215
MinimumVisualStudioVersion = 10.0.40219.1
Project("{FAE04EC0-301F-11D3-BF4B-00C04F79EFBC}") = "Internship_mgmt", "Internship_mgmt\Internship_mgmt.csproj", "{BC2343A7-E974-42D5-A26A-C2D9CB31CA32}"
EndProject
Global
	GlobalSection(SolutionConfigurationPlatforms) = preSolution
		Debug|Any CPU = Debug|Any CPU
		Release|Any CPU = Release|Any CPU
	EndGlobalSection
	GlobalSection(ProjectConfigurationPlatforms) = postSolution
		{BC2343A7-E974-42D5-A26A-C2D9CB31CA32}.Debug|Any CPU.ActiveCfg = Debug|Any CPU
		{BC2343A7-E974-42D5-A26A-C2D9CB31CA32}.Debug|Any CPU.Build.0 = Debug|Any CPU
		{BC2343A7-E974-42D5-A26A-C2D9CB31CA32}.Release|Any CPU.ActiveCfg = Release|Any CPU
		{BC2343A7-E974-42D5-A26A-C2D9CB31CA32}.Release|Any CPU.Build.0 = Release|Any CPU
	EndGlobalSection
	GlobalSection(SolutionProperties) = preSolution
		HideSolutionNode = FALSE
	EndGlobalSection
	GlobalSection(ExtensibilityGlobals) = postSolution
		SolutionGuid = {A196E0DA-B8B2-48D7-A608-E806D1438F33}
	EndGlobalSection
EndGlobal
